
Microsoft Visual Studio Solution File, Format Version 12.00
# Visual Studio Version 17
VisualStudioVersion = 17.7.34018.315
MinimumVisualStudioVersion = 10.0.40219.1
Project("{FAE04EC0-301F-11D3-BF4B-00C04F79EFBC}") = "uri1158", "uri1158\uri1158.csproj", "{8ED26781-6A78-49FA-8510-2092A4FD5AAD}"
EndProject
Global
	GlobalSection(SolutionConfigurationPlatforms) = preSolution
		Debug|Any CPU = Debug|Any CPU
		Release|Any CPU = Release|Any CPU
	EndGlobalSection
	GlobalSection(ProjectConfigurationPlatforms) = postSolution
		{8ED26781-6A78-49FA-8510-2092A4FD5AAD}.Debug|Any CPU.ActiveCfg = Debug|Any CPU
		{8ED26781-6A78-49FA-8510-2092A4FD5AAD}.Debug|Any CPU.Build.0 = Debug|Any CPU
		{8ED26781-6A78-49FA-8510-2092A4FD5AAD}.Release|Any CPU.ActiveCfg = Release|Any CPU
		{8ED26781-6A78-49FA-8510-2092A4FD5AAD}.Release|Any CPU.Build.0 = Release|Any CPU
	EndGlobalSection
	GlobalSection(SolutionProperties) = preSolution
		HideSolutionNode = FALSE
	EndGlobalSection
	GlobalSection(ExtensibilityGlobals) = postSolution
		SolutionGuid = {6153E477-6DDD-4FEA-B894-2489A792A836}
	EndGlobalSection
EndGlobal
